// !$*UTF8*$!
{
	archiveVersion = 1;
	classes = {
	};
	objectVersion = 46;
	objects = {

/* Begin PBXBuildFile section */
		082095751E002DC4007D8957 /* test1.txt in Resources */ = {isa = PBXBuildFile; fileRef = 082095731E002DC4007D8957 /* test1.txt */; };
		082095761E002DC4007D8957 /* test2.txt in Resources */ = {isa = PBXBuildFile; fileRef = 082095741E002DC4007D8957 /* test2.txt */; };
		083D91111E1F254300BDA8E2 /* aspell.de.conf in Resources */ = {isa = PBXBuildFile; fileRef = 083D91101E1F254300BDA8E2 /* aspell.de.conf */; };
		083D91121E1F255F00BDA8E2 /* aspell.de.conf in Resources */ = {isa = PBXBuildFile; fileRef = 083D91101E1F254300BDA8E2 /* aspell.de.conf */; };
		084332E6258839FD00BE9894 /* libaspell.15.dylib in Embed Libraries */ = {isa = PBXBuildFile; fileRef = 089877641DF6EA1900C371FD /* libaspell.15.dylib */; settings = {ATTRIBUTES = (CodeSignOnCopy, ); }; };
		08581E511E01FCE50009B6AD /* MYSpellCheckerDelegate.swift in Sources */ = {isa = PBXBuildFile; fileRef = 08BB90A71DC611770045E375 /* MYSpellCheckerDelegate.swift */; };
		087C327D2588A94B006B5D15 /* libaspell.15.dylib in Frameworks */ = {isa = PBXBuildFile; fileRef = 089877641DF6EA1900C371FD /* libaspell.15.dylib */; };
		087C327F2588A959006B5D15 /* libaspell.15.dylib in CopyFiles */ = {isa = PBXBuildFile; fileRef = 089877641DF6EA1900C371FD /* libaspell.15.dylib */; settings = {ATTRIBUTES = (CodeSignOnCopy, ); }; };
		089877651DF6EA1900C371FD /* libaspell.15.dylib in Frameworks */ = {isa = PBXBuildFile; fileRef = 089877641DF6EA1900C371FD /* libaspell.15.dylib */; };
		08BB908E1DC611380045E375 /* MakoSpellCheckerTests.swift in Sources */ = {isa = PBXBuildFile; fileRef = 08BB908D1DC611380045E375 /* MakoSpellCheckerTests.swift */; };
		08BB90991DC611380045E375 /* MakoSpellCheckerUITests.swift in Sources */ = {isa = PBXBuildFile; fileRef = 08BB90981DC611380045E375 /* MakoSpellCheckerUITests.swift */; };
		08BB90A81DC611770045E375 /* main.swift in Sources */ = {isa = PBXBuildFile; fileRef = 08BB90A61DC611770045E375 /* main.swift */; };
		08BB90A91DC611770045E375 /* MYSpellCheckerDelegate.swift in Sources */ = {isa = PBXBuildFile; fileRef = 08BB90A71DC611770045E375 /* MYSpellCheckerDelegate.swift */; };
		08C33F781E14F0D5002E0A51 /* aspell.en.conf in Resources */ = {isa = PBXBuildFile; fileRef = 08C33F771E14F0D5002E0A51 /* aspell.en.conf */; };
		08D53AA41E17218B0079A16E /* aspell.fr.conf in Resources */ = {isa = PBXBuildFile; fileRef = 08D53AA31E17218B0079A16E /* aspell.fr.conf */; };
		08D53AA51E1721B50079A16E /* aspell.en.conf in Resources */ = {isa = PBXBuildFile; fileRef = 08C33F771E14F0D5002E0A51 /* aspell.en.conf */; };
		08D53AA61E1721B50079A16E /* aspell.fr.conf in Resources */ = {isa = PBXBuildFile; fileRef = 08D53AA31E17218B0079A16E /* aspell.fr.conf */; };
/* End PBXBuildFile section */

/* Begin PBXContainerItemProxy section */
		08BB908A1DC611380045E375 /* PBXContainerItemProxy */ = {
			isa = PBXContainerItemProxy;
			containerPortal = 08BB90701DC611380045E375 /* Project object */;
			proxyType = 1;
			remoteGlobalIDString = 08BB90771DC611380045E375;
			remoteInfo = MakoSpellChecker;
		};
		08BB90951DC611380045E375 /* PBXContainerItemProxy */ = {
			isa = PBXContainerItemProxy;
			containerPortal = 08BB90701DC611380045E375 /* Project object */;
			proxyType = 1;
			remoteGlobalIDString = 08BB90771DC611380045E375;
			remoteInfo = MakoSpellChecker;
		};
/* End PBXContainerItemProxy section */

/* Begin PBXCopyFilesBuildPhase section */
		084332E7258839FD00BE9894 /* Embed Libraries */ = {
			isa = PBXCopyFilesBuildPhase;
			buildActionMask = 2147483647;
			dstPath = "";
			dstSubfolderSpec = 10;
			files = (
				084332E6258839FD00BE9894 /* libaspell.15.dylib in Embed Libraries */,
			);
			name = "Embed Libraries";
			runOnlyForDeploymentPostprocessing = 0;
		};
		087C327E2588A951006B5D15 /* CopyFiles */ = {
			isa = PBXCopyFilesBuildPhase;
			buildActionMask = 2147483647;
			dstPath = "";
			dstSubfolderSpec = 10;
			files = (
				087C327F2588A959006B5D15 /* libaspell.15.dylib in CopyFiles */,
			);
			runOnlyForDeploymentPostprocessing = 0;
		};
/* End PBXCopyFilesBuildPhase section */

/* Begin PBXFileReference section */
		082095731E002DC4007D8957 /* test1.txt */ = {isa = PBXFileReference; fileEncoding = 4; lastKnownFileType = text; path = test1.txt; sourceTree = "<group>"; };
		082095741E002DC4007D8957 /* test2.txt */ = {isa = PBXFileReference; fileEncoding = 4; lastKnownFileType = text; path = test2.txt; sourceTree = "<group>"; };
		083D91101E1F254300BDA8E2 /* aspell.de.conf */ = {isa = PBXFileReference; fileEncoding = 4; lastKnownFileType = text; name = aspell.de.conf; path = "external-libs/aspell.de.conf"; sourceTree = SOURCE_ROOT; };
		089877631DF6E95100C371FD /* aspell.h */ = {isa = PBXFileReference; fileEncoding = 4; lastKnownFileType = sourcecode.c.h; name = aspell.h; path = "external-libs/aspell-0.60.8/interfaces/cc/aspell.h"; sourceTree = SOURCE_ROOT; };
		089877641DF6EA1900C371FD /* libaspell.15.dylib */ = {isa = PBXFileReference; lastKnownFileType = "compiled.mach-o.dylib"; name = libaspell.15.dylib; path = "external-libs/aspell-0.60.8/.libs/libaspell.15.dylib"; sourceTree = SOURCE_ROOT; };
		08AF3C881DD5E1FD004E5BFF /* MakoSpellChecker-Bridging-Header.h */ = {isa = PBXFileReference; lastKnownFileType = sourcecode.c.h; path = "MakoSpellChecker-Bridging-Header.h"; sourceTree = SOURCE_ROOT; };
		08BB90781DC611380045E375 /* MakoSpellChecker.service */ = {isa = PBXFileReference; explicitFileType = wrapper.application; includeInIndex = 0; path = MakoSpellChecker.service; sourceTree = BUILT_PRODUCTS_DIR; };
		08BB90841DC611380045E375 /* Info.plist */ = {isa = PBXFileReference; lastKnownFileType = text.plist.xml; path = Info.plist; sourceTree = "<group>"; };
		08BB90891DC611380045E375 /* MakoSpellCheckerTests.xctest */ = {isa = PBXFileReference; explicitFileType = wrapper.cfbundle; includeInIndex = 0; path = MakoSpellCheckerTests.xctest; sourceTree = BUILT_PRODUCTS_DIR; };
		08BB908D1DC611380045E375 /* MakoSpellCheckerTests.swift */ = {isa = PBXFileReference; lastKnownFileType = sourcecode.swift; path = MakoSpellCheckerTests.swift; sourceTree = "<group>"; };
		08BB908F1DC611380045E375 /* Info.plist */ = {isa = PBXFileReference; lastKnownFileType = text.plist.xml; path = Info.plist; sourceTree = "<group>"; };
		08BB90941DC611380045E375 /* MakoSpellCheckerUITests.xctest */ = {isa = PBXFileReference; explicitFileType = wrapper.cfbundle; includeInIndex = 0; path = MakoSpellCheckerUITests.xctest; sourceTree = BUILT_PRODUCTS_DIR; };
		08BB90981DC611380045E375 /* MakoSpellCheckerUITests.swift */ = {isa = PBXFileReference; lastKnownFileType = sourcecode.swift; path = MakoSpellCheckerUITests.swift; sourceTree = "<group>"; };
		08BB909A1DC611380045E375 /* Info.plist */ = {isa = PBXFileReference; lastKnownFileType = text.plist.xml; path = Info.plist; sourceTree = "<group>"; };
		08BB90A61DC611770045E375 /* main.swift */ = {isa = PBXFileReference; fileEncoding = 4; lastKnownFileType = sourcecode.swift; path = main.swift; sourceTree = "<group>"; };
		08BB90A71DC611770045E375 /* MYSpellCheckerDelegate.swift */ = {isa = PBXFileReference; fileEncoding = 4; lastKnownFileType = sourcecode.swift; path = MYSpellCheckerDelegate.swift; sourceTree = "<group>"; };
		08C33F771E14F0D5002E0A51 /* aspell.en.conf */ = {isa = PBXFileReference; fileEncoding = 4; lastKnownFileType = text; name = aspell.en.conf; path = "external-libs/aspell.en.conf"; sourceTree = SOURCE_ROOT; };
		08D53AA31E17218B0079A16E /* aspell.fr.conf */ = {isa = PBXFileReference; fileEncoding = 4; lastKnownFileType = text; name = aspell.fr.conf; path = "external-libs/aspell.fr.conf"; sourceTree = SOURCE_ROOT; };
/* End PBXFileReference section */

/* Begin PBXFrameworksBuildPhase section */
		08BB90751DC611380045E375 /* Frameworks */ = {
			isa = PBXFrameworksBuildPhase;
			buildActionMask = 2147483647;
			files = (
				089877651DF6EA1900C371FD /* libaspell.15.dylib in Frameworks */,
			);
			runOnlyForDeploymentPostprocessing = 0;
		};
		08BB90861DC611380045E375 /* Frameworks */ = {
			isa = PBXFrameworksBuildPhase;
			buildActionMask = 2147483647;
			files = (
			);
			runOnlyForDeploymentPostprocessing = 0;
		};
		08BB90911DC611380045E375 /* Frameworks */ = {
			isa = PBXFrameworksBuildPhase;
			buildActionMask = 2147483647;
			files = (
				087C327D2588A94B006B5D15 /* libaspell.15.dylib in Frameworks */,
			);
			runOnlyForDeploymentPostprocessing = 0;
		};
/* End PBXFrameworksBuildPhase section */

/* Begin PBXGroup section */
		087C327C2588A94B006B5D15 /* Frameworks */ = {
			isa = PBXGroup;
			children = (
			);
			name = Frameworks;
			sourceTree = "<group>";
		};
		08BB906F1DC611380045E375 = {
			isa = PBXGroup;
			children = (
				08BB907A1DC611380045E375 /* MakoSpellChecker */,
				08BB908C1DC611380045E375 /* MakoSpellCheckerTests */,
				08BB90971DC611380045E375 /* MakoSpellCheckerUITests */,
				08BB90791DC611380045E375 /* Products */,
				087C327C2588A94B006B5D15 /* Frameworks */,
			);
			sourceTree = "<group>";
		};
		08BB90791DC611380045E375 /* Products */ = {
			isa = PBXGroup;
			children = (
				08BB90781DC611380045E375 /* MakoSpellChecker.service */,
				08BB90891DC611380045E375 /* MakoSpellCheckerTests.xctest */,
				08BB90941DC611380045E375 /* MakoSpellCheckerUITests.xctest */,
			);
			name = Products;
			sourceTree = "<group>";
		};
		08BB907A1DC611380045E375 /* MakoSpellChecker */ = {
			isa = PBXGroup;
			children = (
				089877641DF6EA1900C371FD /* libaspell.15.dylib */,
				089877631DF6E95100C371FD /* aspell.h */,
				08BB90A61DC611770045E375 /* main.swift */,
				08BB90A71DC611770045E375 /* MYSpellCheckerDelegate.swift */,
				08BB90841DC611380045E375 /* Info.plist */,
				08D53AA31E17218B0079A16E /* aspell.fr.conf */,
				083D91101E1F254300BDA8E2 /* aspell.de.conf */,
				08C33F771E14F0D5002E0A51 /* aspell.en.conf */,
				08AF3C881DD5E1FD004E5BFF /* MakoSpellChecker-Bridging-Header.h */,
			);
			path = MakoSpellChecker;
			sourceTree = "<group>";
		};
		08BB908C1DC611380045E375 /* MakoSpellCheckerTests */ = {
			isa = PBXGroup;
			children = (
				08BB908D1DC611380045E375 /* MakoSpellCheckerTests.swift */,
				08BB908F1DC611380045E375 /* Info.plist */,
			);
			path = MakoSpellCheckerTests;
			sourceTree = "<group>";
		};
		08BB90971DC611380045E375 /* MakoSpellCheckerUITests */ = {
			isa = PBXGroup;
			children = (
				08BB90981DC611380045E375 /* MakoSpellCheckerUITests.swift */,
				08BB909A1DC611380045E375 /* Info.plist */,
				082095731E002DC4007D8957 /* test1.txt */,
				082095741E002DC4007D8957 /* test2.txt */,
			);
			path = MakoSpellCheckerUITests;
			sourceTree = "<group>";
		};
/* End PBXGroup section */

/* Begin PBXNativeTarget section */
		08BB90771DC611380045E375 /* MakoSpellChecker */ = {
			isa = PBXNativeTarget;
			buildConfigurationList = 08BB909D1DC611380045E375 /* Build configuration list for PBXNativeTarget "MakoSpellChecker" */;
			buildPhases = (
				08BB90741DC611380045E375 /* Sources */,
				08BB90751DC611380045E375 /* Frameworks */,
				08BB90761DC611380045E375 /* Resources */,
				08373EFA1E0E2E4200EEF162 /* ShellScript */,
				084332E7258839FD00BE9894 /* Embed Libraries */,
			);
			buildRules = (
			);
			dependencies = (
			);
			name = MakoSpellChecker;
			productName = MakoSpellChecker;
			productReference = 08BB90781DC611380045E375 /* MakoSpellChecker.service */;
			productType = "com.apple.product-type.application";
		};
		08BB90881DC611380045E375 /* MakoSpellCheckerTests */ = {
			isa = PBXNativeTarget;
			buildConfigurationList = 08BB90A01DC611380045E375 /* Build configuration list for PBXNativeTarget "MakoSpellCheckerTests" */;
			buildPhases = (
				08BB90851DC611380045E375 /* Sources */,
				08BB90861DC611380045E375 /* Frameworks */,
				08BB90871DC611380045E375 /* Resources */,
			);
			buildRules = (
			);
			dependencies = (
				08BB908B1DC611380045E375 /* PBXTargetDependency */,
			);
			name = MakoSpellCheckerTests;
			productName = MakoSpellCheckerTests;
			productReference = 08BB90891DC611380045E375 /* MakoSpellCheckerTests.xctest */;
			productType = "com.apple.product-type.bundle.unit-test";
		};
		08BB90931DC611380045E375 /* MakoSpellCheckerUITests */ = {
			isa = PBXNativeTarget;
			buildConfigurationList = 08BB90A31DC611380045E375 /* Build configuration list for PBXNativeTarget "MakoSpellCheckerUITests" */;
			buildPhases = (
				08BB90901DC611380045E375 /* Sources */,
				08BB90911DC611380045E375 /* Frameworks */,
				08BB90921DC611380045E375 /* Resources */,
				08D53AA71E1721CC0079A16E /* ShellScript */,
				087C327E2588A951006B5D15 /* CopyFiles */,
			);
			buildRules = (
			);
			dependencies = (
				08BB90961DC611380045E375 /* PBXTargetDependency */,
			);
			name = MakoSpellCheckerUITests;
			productName = MakoSpellCheckerUITests;
			productReference = 08BB90941DC611380045E375 /* MakoSpellCheckerUITests.xctest */;
			productType = "com.apple.product-type.bundle.ui-testing";
		};
/* End PBXNativeTarget section */

/* Begin PBXProject section */
		08BB90701DC611380045E375 /* Project object */ = {
			isa = PBXProject;
			attributes = {
				LastSwiftUpdateCheck = 0810;
				LastUpgradeCheck = 1220;
				ORGANIZATIONNAME = "Makoto Yamashita";
				TargetAttributes = {
					08BB90771DC611380045E375 = {
						CreatedOnToolsVersion = 8.1;
						LastSwiftMigration = 1220;
						ProvisioningStyle = Manual;
					};
					08BB90881DC611380045E375 = {
						CreatedOnToolsVersion = 8.1;
						LastSwiftMigration = 1220;
						ProvisioningStyle = Automatic;
						TestTargetID = 08BB90771DC611380045E375;
					};
					08BB90931DC611380045E375 = {
						CreatedOnToolsVersion = 8.1;
						LastSwiftMigration = 1220;
						ProvisioningStyle = Manual;
						TestTargetID = 08BB90771DC611380045E375;
					};
				};
			};
			buildConfigurationList = 08BB90731DC611380045E375 /* Build configuration list for PBXProject "MakoSpellChecker" */;
			compatibilityVersion = "Xcode 3.2";
			developmentRegion = en;
			hasScannedForEncodings = 0;
			knownRegions = (
				en,
				Base,
			);
			mainGroup = 08BB906F1DC611380045E375;
			productRefGroup = 08BB90791DC611380045E375 /* Products */;
			projectDirPath = "";
			projectRoot = "";
			targets = (
				08BB90771DC611380045E375 /* MakoSpellChecker */,
				08BB90881DC611380045E375 /* MakoSpellCheckerTests */,
				08BB90931DC611380045E375 /* MakoSpellCheckerUITests */,
			);
		};
/* End PBXProject section */

/* Begin PBXResourcesBuildPhase section */
		08BB90761DC611380045E375 /* Resources */ = {
			isa = PBXResourcesBuildPhase;
			buildActionMask = 2147483647;
			files = (
				083D91111E1F254300BDA8E2 /* aspell.de.conf in Resources */,
				08C33F781E14F0D5002E0A51 /* aspell.en.conf in Resources */,
				08D53AA41E17218B0079A16E /* aspell.fr.conf in Resources */,
			);
			runOnlyForDeploymentPostprocessing = 0;
		};
		08BB90871DC611380045E375 /* Resources */ = {
			isa = PBXResourcesBuildPhase;
			buildActionMask = 2147483647;
			files = (
			);
			runOnlyForDeploymentPostprocessing = 0;
		};
		08BB90921DC611380045E375 /* Resources */ = {
			isa = PBXResourcesBuildPhase;
			buildActionMask = 2147483647;
			files = (
				08D53AA51E1721B50079A16E /* aspell.en.conf in Resources */,
				08D53AA61E1721B50079A16E /* aspell.fr.conf in Resources */,
				083D91121E1F255F00BDA8E2 /* aspell.de.conf in Resources */,
				082095751E002DC4007D8957 /* test1.txt in Resources */,
				082095761E002DC4007D8957 /* test2.txt in Resources */,
			);
			runOnlyForDeploymentPostprocessing = 0;
		};
/* End PBXResourcesBuildPhase section */

/* Begin PBXShellScriptBuildPhase section */
		08373EFA1E0E2E4200EEF162 /* ShellScript */ = {
			isa = PBXShellScriptBuildPhase;
			buildActionMask = 2147483647;
			files = (
			);
			inputPaths = (
			);
			outputPaths = (
			);
			runOnlyForDeploymentPostprocessing = 0;
			shellPath = /bin/sh;
			shellScript = "cp -r ${PROJECT_DIR}/external-libs/dict ${BUILT_PRODUCTS_DIR}/MakoSpellChecker.service/Contents/Resources/\ncp -r ${PROJECT_DIR}/external-libs/aspell-0.60.6.1/data ${BUILT_PRODUCTS_DIR}/MakoSpellChecker.service/Contents/Resources/\ncp -r ${PROJECT_DIR}/external-libs/dict/data/* ${BUILT_PRODUCTS_DIR}/MakoSpellChecker.service/Contents/Resources/data/\n";
		};
		08D53AA71E1721CC0079A16E /* ShellScript */ = {
			isa = PBXShellScriptBuildPhase;
			buildActionMask = 2147483647;
			files = (
			);
			inputPaths = (
			);
			outputPaths = (
			);
			runOnlyForDeploymentPostprocessing = 0;
			shellPath = /bin/sh;
			shellScript = "cp -r ${PROJECT_DIR}/external-libs/dict ${BUILT_PRODUCTS_DIR}/MakoSpellCheckerUITests-Runner.app/Contents/PlugIns/MakoSpellCheckerUITests.xctest/Contents/Resources/\ncp -r ${PROJECT_DIR}/external-libs/aspell-0.60.6.1/data ${BUILT_PRODUCTS_DIR}/MakoSpellCheckerUITests-Runner.app/Contents/PlugIns/MakoSpellCheckerUITests.xctest/Contents/Resources/\ncp -r ${PROJECT_DIR}/external-libs/dict/data/* ${BUILT_PRODUCTS_DIR}/MakoSpellCheckerUITests-Runner.app/Contents/PlugIns/MakoSpellCheckerUITests.xctest/Contents/Resources/data/\n";
		};
/* End PBXShellScriptBuildPhase section */

/* Begin PBXSourcesBuildPhase section */
		08BB90741DC611380045E375 /* Sources */ = {
			isa = PBXSourcesBuildPhase;
			buildActionMask = 2147483647;
			files = (
				08BB90A91DC611770045E375 /* MYSpellCheckerDelegate.swift in Sources */,
				08BB90A81DC611770045E375 /* main.swift in Sources */,
			);
			runOnlyForDeploymentPostprocessing = 0;
		};
		08BB90851DC611380045E375 /* Sources */ = {
			isa = PBXSourcesBuildPhase;
			buildActionMask = 2147483647;
			files = (
				08BB908E1DC611380045E375 /* MakoSpellCheckerTests.swift in Sources */,
			);
			runOnlyForDeploymentPostprocessing = 0;
		};
		08BB90901DC611380045E375 /* Sources */ = {
			isa = PBXSourcesBuildPhase;
			buildActionMask = 2147483647;
			files = (
				08581E511E01FCE50009B6AD /* MYSpellCheckerDelegate.swift in Sources */,
				08BB90991DC611380045E375 /* MakoSpellCheckerUITests.swift in Sources */,
			);
			runOnlyForDeploymentPostprocessing = 0;
		};
/* End PBXSourcesBuildPhase section */

/* Begin PBXTargetDependency section */
		08BB908B1DC611380045E375 /* PBXTargetDependency */ = {
			isa = PBXTargetDependency;
			target = 08BB90771DC611380045E375 /* MakoSpellChecker */;
			targetProxy = 08BB908A1DC611380045E375 /* PBXContainerItemProxy */;
		};
		08BB90961DC611380045E375 /* PBXTargetDependency */ = {
			isa = PBXTargetDependency;
			target = 08BB90771DC611380045E375 /* MakoSpellChecker */;
			targetProxy = 08BB90951DC611380045E375 /* PBXContainerItemProxy */;
		};
/* End PBXTargetDependency section */

/* Begin XCBuildConfiguration section */
		08BB909B1DC611380045E375 /* Debug */ = {
			isa = XCBuildConfiguration;
			buildSettings = {
				ALWAYS_SEARCH_USER_PATHS = NO;
				CLANG_ANALYZER_NONNULL = YES;
				CLANG_CXX_LANGUAGE_STANDARD = "gnu++0x";
				CLANG_CXX_LIBRARY = "libc++";
				CLANG_ENABLE_MODULES = YES;
				CLANG_ENABLE_OBJC_ARC = YES;
				CLANG_WARN_BLOCK_CAPTURE_AUTORELEASING = YES;
				CLANG_WARN_BOOL_CONVERSION = YES;
				CLANG_WARN_COMMA = YES;
				CLANG_WARN_CONSTANT_CONVERSION = YES;
				CLANG_WARN_DEPRECATED_OBJC_IMPLEMENTATIONS = YES;
				CLANG_WARN_DIRECT_OBJC_ISA_USAGE = YES_ERROR;
				CLANG_WARN_DOCUMENTATION_COMMENTS = YES;
				CLANG_WARN_EMPTY_BODY = YES;
				CLANG_WARN_ENUM_CONVERSION = YES;
				CLANG_WARN_INFINITE_RECURSION = YES;
				CLANG_WARN_INT_CONVERSION = YES;
				CLANG_WARN_NON_LITERAL_NULL_CONVERSION = YES;
				CLANG_WARN_OBJC_IMPLICIT_RETAIN_SELF = YES;
				CLANG_WARN_OBJC_LITERAL_CONVERSION = YES;
				CLANG_WARN_OBJC_ROOT_CLASS = YES_ERROR;
				CLANG_WARN_QUOTED_INCLUDE_IN_FRAMEWORK_HEADER = YES;
				CLANG_WARN_RANGE_LOOP_ANALYSIS = YES;
				CLANG_WARN_STRICT_PROTOTYPES = YES;
				CLANG_WARN_SUSPICIOUS_MOVE = YES;
				CLANG_WARN_SUSPICIOUS_MOVES = YES;
				CLANG_WARN_UNREACHABLE_CODE = YES;
				CLANG_WARN__DUPLICATE_METHOD_MATCH = YES;
				CODE_SIGN_IDENTITY = "-";
				COPY_PHASE_STRIP = NO;
				DEBUG_INFORMATION_FORMAT = dwarf;
				ENABLE_STRICT_OBJC_MSGSEND = YES;
				ENABLE_TESTABILITY = YES;
				GCC_C_LANGUAGE_STANDARD = gnu99;
				GCC_DYNAMIC_NO_PIC = NO;
				GCC_NO_COMMON_BLOCKS = YES;
				GCC_OPTIMIZATION_LEVEL = 0;
				GCC_PREPROCESSOR_DEFINITIONS = (
					"DEBUG=1",
					"$(inherited)",
				);
				GCC_WARN_64_TO_32_BIT_CONVERSION = YES;
				GCC_WARN_ABOUT_RETURN_TYPE = YES_ERROR;
				GCC_WARN_UNDECLARED_SELECTOR = YES;
				GCC_WARN_UNINITIALIZED_AUTOS = YES_AGGRESSIVE;
				GCC_WARN_UNUSED_FUNCTION = YES;
				GCC_WARN_UNUSED_VARIABLE = YES;
				LIBRARY_SEARCH_PATHS = "$(PROJECT_DIR)/external-libs/aspell-0.60.6.1/.libs";
				MACOSX_DEPLOYMENT_TARGET = 10.12;
				MTL_ENABLE_DEBUG_INFO = YES;
				ONLY_ACTIVE_ARCH = YES;
				OTHER_LDFLAGS = "-laspell";
				SDKROOT = macosx;
				SWIFT_ACTIVE_COMPILATION_CONDITIONS = DEBUG;
				SWIFT_OBJC_BRIDGING_HEADER = "MakoSpellChecker-Bridging-Header.h";
				SWIFT_OPTIMIZATION_LEVEL = "-Onone";
			};
			name = Debug;
		};
		08BB909C1DC611380045E375 /* Release */ = {
			isa = XCBuildConfiguration;
			buildSettings = {
				ALWAYS_SEARCH_USER_PATHS = NO;
				CLANG_ANALYZER_NONNULL = YES;
				CLANG_CXX_LANGUAGE_STANDARD = "gnu++0x";
				CLANG_CXX_LIBRARY = "libc++";
				CLANG_ENABLE_MODULES = YES;
				CLANG_ENABLE_OBJC_ARC = YES;
				CLANG_WARN_BLOCK_CAPTURE_AUTORELEASING = YES;
				CLANG_WARN_BOOL_CONVERSION = YES;
				CLANG_WARN_COMMA = YES;
				CLANG_WARN_CONSTANT_CONVERSION = YES;
				CLANG_WARN_DEPRECATED_OBJC_IMPLEMENTATIONS = YES;
				CLANG_WARN_DIRECT_OBJC_ISA_USAGE = YES_ERROR;
				CLANG_WARN_DOCUMENTATION_COMMENTS = YES;
				CLANG_WARN_EMPTY_BODY = YES;
				CLANG_WARN_ENUM_CONVERSION = YES;
				CLANG_WARN_INFINITE_RECURSION = YES;
				CLANG_WARN_INT_CONVERSION = YES;
				CLANG_WARN_NON_LITERAL_NULL_CONVERSION = YES;
				CLANG_WARN_OBJC_IMPLICIT_RETAIN_SELF = YES;
				CLANG_WARN_OBJC_LITERAL_CONVERSION = YES;
				CLANG_WARN_OBJC_ROOT_CLASS = YES_ERROR;
				CLANG_WARN_QUOTED_INCLUDE_IN_FRAMEWORK_HEADER = YES;
				CLANG_WARN_RANGE_LOOP_ANALYSIS = YES;
				CLANG_WARN_STRICT_PROTOTYPES = YES;
				CLANG_WARN_SUSPICIOUS_MOVE = YES;
				CLANG_WARN_SUSPICIOUS_MOVES = YES;
				CLANG_WARN_UNREACHABLE_CODE = YES;
				CLANG_WARN__DUPLICATE_METHOD_MATCH = YES;
				CODE_SIGN_IDENTITY = "-";
				COPY_PHASE_STRIP = NO;
				DEBUG_INFORMATION_FORMAT = "dwarf-with-dsym";
				ENABLE_NS_ASSERTIONS = NO;
				ENABLE_STRICT_OBJC_MSGSEND = YES;
				GCC_C_LANGUAGE_STANDARD = gnu99;
				GCC_NO_COMMON_BLOCKS = YES;
				GCC_WARN_64_TO_32_BIT_CONVERSION = YES;
				GCC_WARN_ABOUT_RETURN_TYPE = YES_ERROR;
				GCC_WARN_UNDECLARED_SELECTOR = YES;
				GCC_WARN_UNINITIALIZED_AUTOS = YES_AGGRESSIVE;
				GCC_WARN_UNUSED_FUNCTION = YES;
				GCC_WARN_UNUSED_VARIABLE = YES;
				LIBRARY_SEARCH_PATHS = "$(PROJECT_DIR)/external-libs/aspell-0.60.6.1/.libs";
				MACOSX_DEPLOYMENT_TARGET = 10.12;
				MTL_ENABLE_DEBUG_INFO = NO;
				OTHER_LDFLAGS = "-laspell";
				SDKROOT = macosx;
				SWIFT_OBJC_BRIDGING_HEADER = "MakoSpellChecker-Bridging-Header.h";
				SWIFT_OPTIMIZATION_LEVEL = "-Owholemodule";
			};
			name = Release;
		};
		08BB909E1DC611380045E375 /* Debug */ = {
			isa = XCBuildConfiguration;
			buildSettings = {
				ASSETCATALOG_COMPILER_APPICON_NAME = AppIcon;
				CLANG_ENABLE_MODULES = YES;
				CODE_SIGN_IDENTITY = "-";
				CODE_SIGN_STYLE = Manual;
				COMBINE_HIDPI_IMAGES = YES;
				DEVELOPMENT_TEAM = "";
				HEADER_SEARCH_PATHS = "$(PROJECT_DIR)/external-libs/aspell-0.60.8/interfaces/cc/";
				INFOPLIST_FILE = MakoSpellChecker/Info.plist;
				LD_RUNPATH_SEARCH_PATHS = "$(inherited) @executable_path/../Frameworks";
				LIBRARY_SEARCH_PATHS = "$(PROJECT_DIR)/external-libs/aspell-0.60.8/.libs";
				OTHER_LDFLAGS = "-laspell";
				PRODUCT_BUNDLE_IDENTIFIER = com.makotoy.MakoSpellChecker;
				PRODUCT_NAME = "$(TARGET_NAME)";
				PROVISIONING_PROFILE_SPECIFIER = "";
				SWIFT_OBJC_BRIDGING_HEADER = "MakoSpellChecker-Bridging-Header.h";
				SWIFT_OPTIMIZATION_LEVEL = "-Onone";
				SWIFT_SWIFT3_OBJC_INFERENCE = Default;
				SWIFT_VERSION = 5.0;
				WRAPPER_EXTENSION = service;
			};
			name = Debug;
		};
		08BB909F1DC611380045E375 /* Release */ = {
			isa = XCBuildConfiguration;
			buildSettings = {
				ASSETCATALOG_COMPILER_APPICON_NAME = AppIcon;
				CLANG_ENABLE_MODULES = YES;
				CODE_SIGN_IDENTITY = "-";
				CODE_SIGN_STYLE = Manual;
				COMBINE_HIDPI_IMAGES = YES;
				DEVELOPMENT_TEAM = "";
				HEADER_SEARCH_PATHS = "$(PROJECT_DIR)/external-libs/aspell-0.60.8/interfaces/cc/";
				INFOPLIST_FILE = MakoSpellChecker/Info.plist;
				LD_RUNPATH_SEARCH_PATHS = "$(inherited) @executable_path/../Frameworks";
				LIBRARY_SEARCH_PATHS = "$(PROJECT_DIR)/external-libs/aspell-0.60.8/.libs";
				OTHER_LDFLAGS = "-laspell";
				PRODUCT_BUNDLE_IDENTIFIER = com.makotoy.MakoSpellChecker;
				PRODUCT_NAME = "$(TARGET_NAME)";
				PROVISIONING_PROFILE_SPECIFIER = "";
				SWIFT_OBJC_BRIDGING_HEADER = "MakoSpellChecker-Bridging-Header.h";
				SWIFT_SWIFT3_OBJC_INFERENCE = Default;
				SWIFT_VERSION = 5.0;
				WRAPPER_EXTENSION = service;
			};
			name = Release;
		};
		08BB90A11DC611380045E375 /* Debug */ = {
			isa = XCBuildConfiguration;
			buildSettings = {
				ALWAYS_EMBED_SWIFT_STANDARD_LIBRARIES = YES;
				BUNDLE_LOADER = "$(TEST_HOST)";
				COMBINE_HIDPI_IMAGES = YES;
				INFOPLIST_FILE = MakoSpellCheckerTests/Info.plist;
				LD_RUNPATH_SEARCH_PATHS = "$(inherited) @executable_path/../Frameworks @loader_path/../Frameworks";
				PRODUCT_BUNDLE_IDENTIFIER = com.makotoy.MakoSpellCheckerTests;
				PRODUCT_NAME = "$(TARGET_NAME)";
				SWIFT_SWIFT3_OBJC_INFERENCE = Default;
				SWIFT_VERSION = 5.0;
				TEST_HOST = "$(BUILT_PRODUCTS_DIR)/MakoSpellChecker.service/Contents/MacOS/MakoSpellChecker";
			};
			name = Debug;
		};
		08BB90A21DC611380045E375 /* Release */ = {
			isa = XCBuildConfiguration;
			buildSettings = {
				ALWAYS_EMBED_SWIFT_STANDARD_LIBRARIES = YES;
				BUNDLE_LOADER = "$(TEST_HOST)";
				COMBINE_HIDPI_IMAGES = YES;
				INFOPLIST_FILE = MakoSpellCheckerTests/Info.plist;
				LD_RUNPATH_SEARCH_PATHS = "$(inherited) @executable_path/../Frameworks @loader_path/../Frameworks";
				PRODUCT_BUNDLE_IDENTIFIER = com.makotoy.MakoSpellCheckerTests;
				PRODUCT_NAME = "$(TARGET_NAME)";
				SWIFT_SWIFT3_OBJC_INFERENCE = Default;
				SWIFT_VERSION = 5.0;
				TEST_HOST = "$(BUILT_PRODUCTS_DIR)/MakoSpellChecker.service/Contents/MacOS/MakoSpellChecker";
			};
			name = Release;
		};
		08BB90A41DC611380045E375 /* Debug */ = {
			isa = XCBuildConfiguration;
			buildSettings = {
				ALWAYS_EMBED_SWIFT_STANDARD_LIBRARIES = YES;
				BUNDLE_LOADER = "$(TEST_HOST)";
				CODE_SIGN_STYLE = Manual;
				COMBINE_HIDPI_IMAGES = YES;
				DEVELOPMENT_TEAM = "";
				INFOPLIST_FILE = MakoSpellCheckerUITests/Info.plist;
				LD_RUNPATH_SEARCH_PATHS = "$(inherited) @executable_path/../Frameworks @loader_path/../Frameworks";
				LIBRARY_SEARCH_PATHS = "$(PROJECT_DIR)/external-libs/aspell-0.60.8/.libs";
				PRODUCT_BUNDLE_IDENTIFIER = com.makotoy.MakoSpellCheckerUITests;
				PRODUCT_NAME = "$(TARGET_NAME)";
				PROVISIONING_PROFILE = "";
				PROVISIONING_PROFILE_SPECIFIER = "";
				SWIFT_SWIFT3_OBJC_INFERENCE = Default;
				SWIFT_VERSION = 5.0;
				TEST_TARGET_NAME = MakoSpellChecker;
			};
			name = Debug;
		};
		08BB90A51DC611380045E375 /* Release */ = {
			isa = XCBuildConfiguration;
			buildSettings = {
				ALWAYS_EMBED_SWIFT_STANDARD_LIBRARIES = YES;
				BUNDLE_LOADER = "$(TEST_HOST)";
				CODE_SIGN_STYLE = Manual;
				COMBINE_HIDPI_IMAGES = YES;
				DEVELOPMENT_TEAM = "";
				INFOPLIST_FILE = MakoSpellCheckerUITests/Info.plist;
				LD_RUNPATH_SEARCH_PATHS = "$(inherited) @executable_path/../Frameworks @loader_path/../Frameworks";
				LIBRARY_SEARCH_PATHS = "$(PROJECT_DIR)/external-libs/aspell-0.60.8/.libs";
				PRODUCT_BUNDLE_IDENTIFIER = com.makotoy.MakoSpellCheckerUITests;
				PRODUCT_NAME = "$(TARGET_NAME)";
				PROVISIONING_PROFILE = "";
				PROVISIONING_PROFILE_SPECIFIER = "";
				SWIFT_SWIFT3_OBJC_INFERENCE = Default;
				SWIFT_VERSION = 5.0;
				TEST_TARGET_NAME = MakoSpellChecker;
			};
			name = Release;
		};
/* End XCBuildConfiguration section */

/* Begin XCConfigurationList section */
		08BB90731DC611380045E375 /* Build configuration list for PBXProject "MakoSpellChecker" */ = {
			isa = XCConfigurationList;
			buildConfigurations = (
				08BB909B1DC611380045E375 /* Debug */,
				08BB909C1DC611380045E375 /* Release */,
			);
			defaultConfigurationIsVisible = 0;
			defaultConfigurationName = Release;
		};
		08BB909D1DC611380045E375 /* Build configuration list for PBXNativeTarget "MakoSpellChecker" */ = {
			isa = XCConfigurationList;
			buildConfigurations = (
				08BB909E1DC611380045E375 /* Debug */,
				08BB909F1DC611380045E375 /* Release */,
			);
			defaultConfigurationIsVisible = 0;
			defaultConfigurationName = Release;
		};
		08BB90A01DC611380045E375 /* Build configuration list for PBXNativeTarget "MakoSpellCheckerTests" */ = {
			isa = XCConfigurationList;
			buildConfigurations = (
				08BB90A11DC611380045E375 /* Debug */,
				08BB90A21DC611380045E375 /* Release */,
			);
			defaultConfigurationIsVisible = 0;
			defaultConfigurationName = Release;
		};
		08BB90A31DC611380045E375 /* Build configuration list for PBXNativeTarget "MakoSpellCheckerUITests" */ = {
			isa = XCConfigurationList;
			buildConfigurations = (
				08BB90A41DC611380045E375 /* Debug */,
				08BB90A51DC611380045E375 /* Release */,
			);
			defaultConfigurationIsVisible = 0;
			defaultConfigurationName = Release;
		};
/* End XCConfigurationList section */
	};
	rootObject = 08BB90701DC611380045E375 /* Project object */;
}
